{
  "name": "vuepress-theme-sky",
  "version": "1.0.0",
  "lockfileVersion": 1,
  "requires": true,
  "dependencies": {
    "@vuepress/plugin-search": {
      "version": "1.0.3",
      "resolved": "http://npm.2dfire.net/@vuepress%2fplugin-search/-/plugin-search-1.0.3.tgz",
      "integrity": "sha1-+M2YOAzADbBn+yQ+T9KYxri3F5o=",
      "dev": true
    }
  }
}
